# THIS IS AN AUTOGENERATED FILE. DO NOT EDIT THIS FILE DIRECTLY.
# yarn lockfile v1


bootstrap@^4.4.1:
  version "4.6.1"
  resolved "https://registry.yarnpkg.com/bootstrap/-/bootstrap-4.6.1.tgz#bc25380c2c14192374e8dec07cf01b2742d222a2"
  integrity sha512-0dj+VgI9Ecom+rvvpNZ4MUZJz8dcX7WCX+eTID9+/8HgOkv3dsRzi8BGeZJCQU6flWQVYxwTQnEZFrmJSEO7og==

topbar@^1.0.1:
  version "1.0.1"
  resolved "https://registry.yarnpkg.com/topbar/-/topbar-1.0.1.tgz#7987fb9ea40ce702ed2d9fcded3407a8ae5a33a9"
  integrity sha512-HZqQSMBiG29vcjOrqKCM9iGY/h69G5gQH7ae83ZCPz5uPmbQKwK0sMEqzVDBiu64tWHJ+kk9NApECrF+FAAvRA==
